{
  "version": 4,
  "terraform_version": "1.11.2",
  "serial": 1,
  "lineage": "57dbcacb-a22f-1fca-025c-fa94565fe3e0",
  "outputs": {},
  "resources": [
    {
      "mode": "managed",
      "type": "github_repository",
      "name": "azure-infra-deploy",
      "provider": "provider[\"registry.terraform.io/integrations/github\"]",
      "instances": [
        {
          "schema_version": 1,
          "attributes": {
            "allow_auto_merge": false,
            "allow_merge_commit": true,
            "allow_rebase_merge": true,
            "allow_squash_merge": true,
            "allow_update_branch": false,
            "archive_on_destroy": null,
            "archived": false,
            "auto_init": null,
            "default_branch": "main",
            "delete_branch_on_merge": false,
            "description": "Azure Infraestructure Repository",
            "etag": "W/\"7820fb757c7cecea9bee1509814679e0bfb10a35e4351d0e617d4754ed10c181\"",
            "full_name": "Keji-dev/azure-infra-deploy",
            "git_clone_url": "git://github.com/Keji-dev/azure-infra-deploy.git",
            "gitignore_template": null,
            "has_discussions": false,
            "has_downloads": false,
            "has_issues": false,
            "has_projects": false,
            "has_wiki": false,
            "homepage_url": "",
            "html_url": "https://github.com/Keji-dev/azure-infra-deploy",
            "http_clone_url": "https://github.com/Keji-dev/azure-infra-deploy.git",
            "id": "azure-infra-deploy",
            "ignore_vulnerability_alerts_during_read": null,
            "is_template": false,
            "license_template": null,
            "merge_commit_message": "PR_TITLE",
            "merge_commit_title": "MERGE_MESSAGE",
            "name": "azure-infra-deploy",
            "node_id": "R_kgDOOIjhfA",
            "pages": [],
            "primary_language": "",
            "private": false,
            "repo_id": 948494716,
            "security_and_analysis": [
              {
                "advanced_security": [],
                "secret_scanning": [
                  {
                    "status": "enabled"
                  }
                ],
                "secret_scanning_push_protection": [
                  {
                    "status": "enabled"
                  }
                ]
              }
            ],
            "squash_merge_commit_message": "COMMIT_MESSAGES",
            "squash_merge_commit_title": "COMMIT_OR_PR_TITLE",
            "ssh_clone_url": "git@github.com:Keji-dev/azure-infra-deploy.git",
            "svn_url": "https://github.com/Keji-dev/azure-infra-deploy",
            "template": [],
            "topics": [],
            "visibility": "public",
            "vulnerability_alerts": false,
            "web_commit_signoff_required": false
          },
          "sensitive_attributes": [],
          "private": "eyJzY2hlbWFfdmVyc2lvbiI6IjEifQ=="
        }
      ]
    }
  ],
  "check_results": null
}
